
Microsoft Visual Studio Solution File, Format Version 12.00
# Visual Studio 15
VisualStudioVersion = 15.0.26124.0
MinimumVisualStudioVersion = 15.0.26124.0
Project("{FAE04EC0-301F-11D3-BF4B-00C04F79EFBC}") = "DotnetForum.Contracts", "DotnetForum.Contracts\DotnetForum.Contracts.csproj", "{17924ABB-2EE3-4474-8322-1164F3843DC2}"
EndProject
Project("{FAE04EC0-301F-11D3-BF4B-00C04F79EFBC}") = "DotnetForum.Models", "DotnetForum.Models\DotnetForum.Models.csproj", "{59113996-1E47-4B48-944D-315149CA629C}"
EndProject
Project("{FAE04EC0-301F-11D3-BF4B-00C04F79EFBC}") = "DotnetForum.WebApi", "DotnetForum.WebApi\DotnetForum.WebApi.csproj", "{94E56635-7875-4447-B283-52C6D2FC244A}"
EndProject
Project("{FAE04EC0-301F-11D3-BF4B-00C04F79EFBC}") = "DotnetForum.Test", "DotnetForum.Test\DotnetForum.Test.csproj", "{23790A00-1EE2-4867-BEA8-B625CC58322A}"
EndProject
Project("{FAE04EC0-301F-11D3-BF4B-00C04F79EFBC}") = "DotnetForum.Payloads", "DotnetForum.Payloads\DotnetForum.Payloads.csproj", "{3FDCBBA2-80AC-4B70-8692-10A47272DFBB}"
EndProject
Project("{FAE04EC0-301F-11D3-BF4B-00C04F79EFBC}") = "DotnetForum.Scheduler", "DotnetForum.Scheduler\DotnetForum.Scheduler.csproj", "{FEE20495-0A8D-4107-A491-A8A682BC938A}"
EndProject
Global
	GlobalSection(SolutionConfigurationPlatforms) = preSolution
		Debug|Any CPU = Debug|Any CPU
		Debug|x64 = Debug|x64
		Debug|x86 = Debug|x86
		Release|Any CPU = Release|Any CPU
		Release|x64 = Release|x64
		Release|x86 = Release|x86
	EndGlobalSection
	GlobalSection(SolutionProperties) = preSolution
		HideSolutionNode = FALSE
	EndGlobalSection
	GlobalSection(ProjectConfigurationPlatforms) = postSolution
		{17924ABB-2EE3-4474-8322-1164F3843DC2}.Debug|Any CPU.ActiveCfg = Debug|Any CPU
		{17924ABB-2EE3-4474-8322-1164F3843DC2}.Debug|Any CPU.Build.0 = Debug|Any CPU
		{17924ABB-2EE3-4474-8322-1164F3843DC2}.Debug|x64.ActiveCfg = Debug|Any CPU
		{17924ABB-2EE3-4474-8322-1164F3843DC2}.Debug|x64.Build.0 = Debug|Any CPU
		{17924ABB-2EE3-4474-8322-1164F3843DC2}.Debug|x86.ActiveCfg = Debug|Any CPU
		{17924ABB-2EE3-4474-8322-1164F3843DC2}.Debug|x86.Build.0 = Debug|Any CPU
		{17924ABB-2EE3-4474-8322-1164F3843DC2}.Release|Any CPU.ActiveCfg = Release|Any CPU
		{17924ABB-2EE3-4474-8322-1164F3843DC2}.Release|Any CPU.Build.0 = Release|Any CPU
		{17924ABB-2EE3-4474-8322-1164F3843DC2}.Release|x64.ActiveCfg = Release|Any CPU
		{17924ABB-2EE3-4474-8322-1164F3843DC2}.Release|x64.Build.0 = Release|Any CPU
		{17924ABB-2EE3-4474-8322-1164F3843DC2}.Release|x86.ActiveCfg = Release|Any CPU
		{17924ABB-2EE3-4474-8322-1164F3843DC2}.Release|x86.Build.0 = Release|Any CPU
		{59113996-1E47-4B48-944D-315149CA629C}.Debug|Any CPU.ActiveCfg = Debug|Any CPU
		{59113996-1E47-4B48-944D-315149CA629C}.Debug|Any CPU.Build.0 = Debug|Any CPU
		{59113996-1E47-4B48-944D-315149CA629C}.Debug|x64.ActiveCfg = Debug|Any CPU
		{59113996-1E47-4B48-944D-315149CA629C}.Debug|x64.Build.0 = Debug|Any CPU
		{59113996-1E47-4B48-944D-315149CA629C}.Debug|x86.ActiveCfg = Debug|Any CPU
		{59113996-1E47-4B48-944D-315149CA629C}.Debug|x86.Build.0 = Debug|Any CPU
		{59113996-1E47-4B48-944D-315149CA629C}.Release|Any CPU.ActiveCfg = Release|Any CPU
		{59113996-1E47-4B48-944D-315149CA629C}.Release|Any CPU.Build.0 = Release|Any CPU
		{59113996-1E47-4B48-944D-315149CA629C}.Release|x64.ActiveCfg = Release|Any CPU
		{59113996-1E47-4B48-944D-315149CA629C}.Release|x64.Build.0 = Release|Any CPU
		{59113996-1E47-4B48-944D-315149CA629C}.Release|x86.ActiveCfg = Release|Any CPU
		{59113996-1E47-4B48-944D-315149CA629C}.Release|x86.Build.0 = Release|Any CPU
		{94E56635-7875-4447-B283-52C6D2FC244A}.Debug|Any CPU.ActiveCfg = Debug|Any CPU
		{94E56635-7875-4447-B283-52C6D2FC244A}.Debug|Any CPU.Build.0 = Debug|Any CPU
		{94E56635-7875-4447-B283-52C6D2FC244A}.Debug|x64.ActiveCfg = Debug|Any CPU
		{94E56635-7875-4447-B283-52C6D2FC244A}.Debug|x64.Build.0 = Debug|Any CPU
		{94E56635-7875-4447-B283-52C6D2FC244A}.Debug|x86.ActiveCfg = Debug|Any CPU
		{94E56635-7875-4447-B283-52C6D2FC244A}.Debug|x86.Build.0 = Debug|Any CPU
		{94E56635-7875-4447-B283-52C6D2FC244A}.Release|Any CPU.ActiveCfg = Release|Any CPU
		{94E56635-7875-4447-B283-52C6D2FC244A}.Release|Any CPU.Build.0 = Release|Any CPU
		{94E56635-7875-4447-B283-52C6D2FC244A}.Release|x64.ActiveCfg = Release|Any CPU
		{94E56635-7875-4447-B283-52C6D2FC244A}.Release|x64.Build.0 = Release|Any CPU
		{94E56635-7875-4447-B283-52C6D2FC244A}.Release|x86.ActiveCfg = Release|Any CPU
		{94E56635-7875-4447-B283-52C6D2FC244A}.Release|x86.Build.0 = Release|Any CPU
		{23790A00-1EE2-4867-BEA8-B625CC58322A}.Debug|Any CPU.ActiveCfg = Debug|Any CPU
		{23790A00-1EE2-4867-BEA8-B625CC58322A}.Debug|Any CPU.Build.0 = Debug|Any CPU
		{23790A00-1EE2-4867-BEA8-B625CC58322A}.Debug|x64.ActiveCfg = Debug|Any CPU
		{23790A00-1EE2-4867-BEA8-B625CC58322A}.Debug|x64.Build.0 = Debug|Any CPU
		{23790A00-1EE2-4867-BEA8-B625CC58322A}.Debug|x86.ActiveCfg = Debug|Any CPU
		{23790A00-1EE2-4867-BEA8-B625CC58322A}.Debug|x86.Build.0 = Debug|Any CPU
		{23790A00-1EE2-4867-BEA8-B625CC58322A}.Release|Any CPU.ActiveCfg = Release|Any CPU
		{23790A00-1EE2-4867-BEA8-B625CC58322A}.Release|Any CPU.Build.0 = Release|Any CPU
		{23790A00-1EE2-4867-BEA8-B625CC58322A}.Release|x64.ActiveCfg = Release|Any CPU
		{23790A00-1EE2-4867-BEA8-B625CC58322A}.Release|x64.Build.0 = Release|Any CPU
		{23790A00-1EE2-4867-BEA8-B625CC58322A}.Release|x86.ActiveCfg = Release|Any CPU
		{23790A00-1EE2-4867-BEA8-B625CC58322A}.Release|x86.Build.0 = Release|Any CPU
		{3FDCBBA2-80AC-4B70-8692-10A47272DFBB}.Debug|Any CPU.ActiveCfg = Debug|Any CPU
		{3FDCBBA2-80AC-4B70-8692-10A47272DFBB}.Debug|Any CPU.Build.0 = Debug|Any CPU
		{3FDCBBA2-80AC-4B70-8692-10A47272DFBB}.Debug|x64.ActiveCfg = Debug|Any CPU
		{3FDCBBA2-80AC-4B70-8692-10A47272DFBB}.Debug|x64.Build.0 = Debug|Any CPU
		{3FDCBBA2-80AC-4B70-8692-10A47272DFBB}.Debug|x86.ActiveCfg = Debug|Any CPU
		{3FDCBBA2-80AC-4B70-8692-10A47272DFBB}.Debug|x86.Build.0 = Debug|Any CPU
		{3FDCBBA2-80AC-4B70-8692-10A47272DFBB}.Release|Any CPU.ActiveCfg = Release|Any CPU
		{3FDCBBA2-80AC-4B70-8692-10A47272DFBB}.Release|Any CPU.Build.0 = Release|Any CPU
		{3FDCBBA2-80AC-4B70-8692-10A47272DFBB}.Release|x64.ActiveCfg = Release|Any CPU
		{3FDCBBA2-80AC-4B70-8692-10A47272DFBB}.Release|x64.Build.0 = Release|Any CPU
		{3FDCBBA2-80AC-4B70-8692-10A47272DFBB}.Release|x86.ActiveCfg = Release|Any CPU
		{3FDCBBA2-80AC-4B70-8692-10A47272DFBB}.Release|x86.Build.0 = Release|Any CPU
		{FEE20495-0A8D-4107-A491-A8A682BC938A}.Debug|Any CPU.ActiveCfg = Debug|Any CPU
		{FEE20495-0A8D-4107-A491-A8A682BC938A}.Debug|Any CPU.Build.0 = Debug|Any CPU
		{FEE20495-0A8D-4107-A491-A8A682BC938A}.Debug|x64.ActiveCfg = Debug|Any CPU
		{FEE20495-0A8D-4107-A491-A8A682BC938A}.Debug|x64.Build.0 = Debug|Any CPU
		{FEE20495-0A8D-4107-A491-A8A682BC938A}.Debug|x86.ActiveCfg = Debug|Any CPU
		{FEE20495-0A8D-4107-A491-A8A682BC938A}.Debug|x86.Build.0 = Debug|Any CPU
		{FEE20495-0A8D-4107-A491-A8A682BC938A}.Release|Any CPU.ActiveCfg = Release|Any CPU
		{FEE20495-0A8D-4107-A491-A8A682BC938A}.Release|Any CPU.Build.0 = Release|Any CPU
		{FEE20495-0A8D-4107-A491-A8A682BC938A}.Release|x64.ActiveCfg = Release|Any CPU
		{FEE20495-0A8D-4107-A491-A8A682BC938A}.Release|x64.Build.0 = Release|Any CPU
		{FEE20495-0A8D-4107-A491-A8A682BC938A}.Release|x86.ActiveCfg = Release|Any CPU
		{FEE20495-0A8D-4107-A491-A8A682BC938A}.Release|x86.Build.0 = Release|Any CPU
	EndGlobalSection
EndGlobal
